// !$*UTF8*$!
{
	archiveVersion = 1;
	classes = {
	};
	objectVersion = 46;
	objects = {

/* Begin PBXBuildFile section */
		87D9FF071BBBB174007C4C30 /* AppDelegate.swift in Sources */ = {isa = PBXBuildFile; fileRef = 87D9FF061BBBB174007C4C30 /* AppDelegate.swift */; };
		87D9FF091BBBB174007C4C30 /* ViewController.swift in Sources */ = {isa = PBXBuildFile; fileRef = 87D9FF081BBBB174007C4C30 /* ViewController.swift */; };
		87D9FF0C1BBBB174007C4C30 /* Main.storyboard in Resources */ = {isa = PBXBuildFile; fileRef = 87D9FF0A1BBBB174007C4C30 /* Main.storyboard */; };
		87D9FF0E1BBBB174007C4C30 /* Assets.xcassets in Resources */ = {isa = PBXBuildFile; fileRef = 87D9FF0D1BBBB174007C4C30 /* Assets.xcassets */; };
		87D9FF111BBBB174007C4C30 /* LaunchScreen.storyboard in Resources */ = {isa = PBXBuildFile; fileRef = 87D9FF0F1BBBB174007C4C30 /* LaunchScreen.storyboard */; };
		87D9FF2D1BBD0268007C4C30 /* 1Stars.png in Resources */ = {isa = PBXBuildFile; fileRef = 87D9FF181BBD0268007C4C30 /* 1Stars.png */; settings = {ASSET_TAGS = (); }; };
		87D9FF2E1BBD0268007C4C30 /* 1Stars@2x.png in Resources */ = {isa = PBXBuildFile; fileRef = 87D9FF191BBD0268007C4C30 /* 1Stars@2x.png */; settings = {ASSET_TAGS = (); }; };
		87D9FF2F1BBD0268007C4C30 /* 1Stars@3x.png in Resources */ = {isa = PBXBuildFile; fileRef = 87D9FF1A1BBD0268007C4C30 /* 1Stars@3x.png */; settings = {ASSET_TAGS = (); }; };
		87D9FF301BBD0268007C4C30 /* 2Stars.png in Resources */ = {isa = PBXBuildFile; fileRef = 87D9FF1B1BBD0268007C4C30 /* 2Stars.png */; settings = {ASSET_TAGS = (); }; };
		87D9FF311BBD0268007C4C30 /* 2Stars@2x.png in Resources */ = {isa = PBXBuildFile; fileRef = 87D9FF1C1BBD0268007C4C30 /* 2Stars@2x.png */; settings = {ASSET_TAGS = (); }; };
		87D9FF321BBD0268007C4C30 /* 2Stars@3x.png in Resources */ = {isa = PBXBuildFile; fileRef = 87D9FF1D1BBD0268007C4C30 /* 2Stars@3x.png */; settings = {ASSET_TAGS = (); }; };
		87D9FF331BBD0268007C4C30 /* 3Stars.png in Resources */ = {isa = PBXBuildFile; fileRef = 87D9FF1E1BBD0268007C4C30 /* 3Stars.png */; settings = {ASSET_TAGS = (); }; };
		87D9FF341BBD0268007C4C30 /* 3Stars@2x.png in Resources */ = {isa = PBXBuildFile; fileRef = 87D9FF1F1BBD0268007C4C30 /* 3Stars@2x.png */; settings = {ASSET_TAGS = (); }; };
		87D9FF351BBD0268007C4C30 /* 3Stars@3x.png in Resources */ = {isa = PBXBuildFile; fileRef = 87D9FF201BBD0268007C4C30 /* 3Stars@3x.png */; settings = {ASSET_TAGS = (); }; };
		87D9FF361BBD0268007C4C30 /* 4Stars.png in Resources */ = {isa = PBXBuildFile; fileRef = 87D9FF211BBD0268007C4C30 /* 4Stars.png */; settings = {ASSET_TAGS = (); }; };
		87D9FF371BBD0268007C4C30 /* 4Stars@2x.png in Resources */ = {isa = PBXBuildFile; fileRef = 87D9FF221BBD0268007C4C30 /* 4Stars@2x.png */; settings = {ASSET_TAGS = (); }; };
		87D9FF381BBD0268007C4C30 /* 4Stars@3x.png in Resources */ = {isa = PBXBuildFile; fileRef = 87D9FF231BBD0268007C4C30 /* 4Stars@3x.png */; settings = {ASSET_TAGS = (); }; };
		87D9FF391BBD0268007C4C30 /* 5Stars.png in Resources */ = {isa = PBXBuildFile; fileRef = 87D9FF241BBD0268007C4C30 /* 5Stars.png */; settings = {ASSET_TAGS = (); }; };
		87D9FF3A1BBD0268007C4C30 /* 5Stars@2x.png in Resources */ = {isa = PBXBuildFile; fileRef = 87D9FF251BBD0268007C4C30 /* 5Stars@2x.png */; settings = {ASSET_TAGS = (); }; };
		87D9FF3B1BBD0268007C4C30 /* 5Stars@3x.png in Resources */ = {isa = PBXBuildFile; fileRef = 87D9FF261BBD0268007C4C30 /* 5Stars@3x.png */; settings = {ASSET_TAGS = (); }; };
		87D9FF3C1BBD0268007C4C30 /* Gestures.png in Resources */ = {isa = PBXBuildFile; fileRef = 87D9FF271BBD0268007C4C30 /* Gestures.png */; settings = {ASSET_TAGS = (); }; };
		87D9FF3D1BBD0268007C4C30 /* Gestures@2x.png in Resources */ = {isa = PBXBuildFile; fileRef = 87D9FF281BBD0268007C4C30 /* Gestures@2x.png */; settings = {ASSET_TAGS = (); }; };
		87D9FF3E1BBD0268007C4C30 /* Gestures@3x.png in Resources */ = {isa = PBXBuildFile; fileRef = 87D9FF291BBD0268007C4C30 /* Gestures@3x.png */; settings = {ASSET_TAGS = (); }; };
		87D9FF3F1BBD0268007C4C30 /* Players.png in Resources */ = {isa = PBXBuildFile; fileRef = 87D9FF2A1BBD0268007C4C30 /* Players.png */; settings = {ASSET_TAGS = (); }; };
		87D9FF401BBD0268007C4C30 /* Players@2x.png in Resources */ = {isa = PBXBuildFile; fileRef = 87D9FF2B1BBD0268007C4C30 /* Players@2x.png */; settings = {ASSET_TAGS = (); }; };
		87D9FF411BBD0268007C4C30 /* Players@3x.png in Resources */ = {isa = PBXBuildFile; fileRef = 87D9FF2C1BBD0268007C4C30 /* Players@3x.png */; settings = {ASSET_TAGS = (); }; };
/* End PBXBuildFile section */

/* Begin PBXFileReference section */
		87D9FF031BBBB174007C4C30 /* Ratings.app */ = {isa = PBXFileReference; explicitFileType = wrapper.application; includeInIndex = 0; path = Ratings.app; sourceTree = BUILT_PRODUCTS_DIR; };
		87D9FF061BBBB174007C4C30 /* AppDelegate.swift */ = {isa = PBXFileReference; lastKnownFileType = sourcecode.swift; path = AppDelegate.swift; sourceTree = "<group>"; };
		87D9FF081BBBB174007C4C30 /* ViewController.swift */ = {isa = PBXFileReference; lastKnownFileType = sourcecode.swift; path = ViewController.swift; sourceTree = "<group>"; };
		87D9FF0B1BBBB174007C4C30 /* Base */ = {isa = PBXFileReference; lastKnownFileType = file.storyboard; name = Base; path = Base.lproj/Main.storyboard; sourceTree = "<group>"; };
		87D9FF0D1BBBB174007C4C30 /* Assets.xcassets */ = {isa = PBXFileReference; lastKnownFileType = folder.assetcatalog; path = Assets.xcassets; sourceTree = "<group>"; };
		87D9FF101BBBB174007C4C30 /* Base */ = {isa = PBXFileReference; lastKnownFileType = file.storyboard; name = Base; path = Base.lproj/LaunchScreen.storyboard; sourceTree = "<group>"; };
		87D9FF121BBBB174007C4C30 /* Info.plist */ = {isa = PBXFileReference; lastKnownFileType = text.plist.xml; path = Info.plist; sourceTree = "<group>"; };
		87D9FF181BBD0268007C4C30 /* 1Stars.png */ = {isa = PBXFileReference; lastKnownFileType = image.png; path = 1Stars.png; sourceTree = "<group>"; };
		87D9FF191BBD0268007C4C30 /* 1Stars@2x.png */ = {isa = PBXFileReference; lastKnownFileType = image.png; path = "1Stars@2x.png"; sourceTree = "<group>"; };
		87D9FF1A1BBD0268007C4C30 /* 1Stars@3x.png */ = {isa = PBXFileReference; lastKnownFileType = image.png; path = "1Stars@3x.png"; sourceTree = "<group>"; };
		87D9FF1B1BBD0268007C4C30 /* 2Stars.png */ = {isa = PBXFileReference; lastKnownFileType = image.png; path = 2Stars.png; sourceTree = "<group>"; };
		87D9FF1C1BBD0268007C4C30 /* 2Stars@2x.png */ = {isa = PBXFileReference; lastKnownFileType = image.png; path = "2Stars@2x.png"; sourceTree = "<group>"; };
		87D9FF1D1BBD0268007C4C30 /* 2Stars@3x.png */ = {isa = PBXFileReference; lastKnownFileType = image.png; path = "2Stars@3x.png"; sourceTree = "<group>"; };
		87D9FF1E1BBD0268007C4C30 /* 3Stars.png */ = {isa = PBXFileReference; lastKnownFileType = image.png; path = 3Stars.png; sourceTree = "<group>"; };
		87D9FF1F1BBD0268007C4C30 /* 3Stars@2x.png */ = {isa = PBXFileReference; lastKnownFileType = image.png; path = "3Stars@2x.png"; sourceTree = "<group>"; };
		87D9FF201BBD0268007C4C30 /* 3Stars@3x.png */ = {isa = PBXFileReference; lastKnownFileType = image.png; path = "3Stars@3x.png"; sourceTree = "<group>"; };
		87D9FF211BBD0268007C4C30 /* 4Stars.png */ = {isa = PBXFileReference; lastKnownFileType = image.png; path = 4Stars.png; sourceTree = "<group>"; };
		87D9FF221BBD0268007C4C30 /* 4Stars@2x.png */ = {isa = PBXFileReference; lastKnownFileType = image.png; path = "4Stars@2x.png"; sourceTree = "<group>"; };
		87D9FF231BBD0268007C4C30 /* 4Stars@3x.png */ = {isa = PBXFileReference; lastKnownFileType = image.png; path = "4Stars@3x.png"; sourceTree = "<group>"; };
		87D9FF241BBD0268007C4C30 /* 5Stars.png */ = {isa = PBXFileReference; lastKnownFileType = image.png; path = 5Stars.png; sourceTree = "<group>"; };
		87D9FF251BBD0268007C4C30 /* 5Stars@2x.png */ = {isa = PBXFileReference; lastKnownFileType = image.png; path = "5Stars@2x.png"; sourceTree = "<group>"; };
		87D9FF261BBD0268007C4C30 /* 5Stars@3x.png */ = {isa = PBXFileReference; lastKnownFileType = image.png; path = "5Stars@3x.png"; sourceTree = "<group>"; };
		87D9FF271BBD0268007C4C30 /* Gestures.png */ = {isa = PBXFileReference; lastKnownFileType = image.png; path = Gestures.png; sourceTree = "<group>"; };
		87D9FF281BBD0268007C4C30 /* Gestures@2x.png */ = {isa = PBXFileReference; lastKnownFileType = image.png; path = "Gestures@2x.png"; sourceTree = "<group>"; };
		87D9FF291BBD0268007C4C30 /* Gestures@3x.png */ = {isa = PBXFileReference; lastKnownFileType = image.png; path = "Gestures@3x.png"; sourceTree = "<group>"; };
		87D9FF2A1BBD0268007C4C30 /* Players.png */ = {isa = PBXFileReference; lastKnownFileType = image.png; path = Players.png; sourceTree = "<group>"; };
		87D9FF2B1BBD0268007C4C30 /* Players@2x.png */ = {isa = PBXFileReference; lastKnownFileType = image.png; path = "Players@2x.png"; sourceTree = "<group>"; };
		87D9FF2C1BBD0268007C4C30 /* Players@3x.png */ = {isa = PBXFileReference; lastKnownFileType = image.png; path = "Players@3x.png"; sourceTree = "<group>"; };
/* End PBXFileReference section */

/* Begin PBXFrameworksBuildPhase section */
		87D9FF001BBBB174007C4C30 /* Frameworks */ = {
			isa = PBXFrameworksBuildPhase;
			buildActionMask = 2147483647;
			files = (
			);
			runOnlyForDeploymentPostprocessing = 0;
		};
/* End PBXFrameworksBuildPhase section */

/* Begin PBXGroup section */
		87D9FEFA1BBBB174007C4C30 = {
			isa = PBXGroup;
			children = (
				87D9FF051BBBB174007C4C30 /* Ratings */,
				87D9FF041BBBB174007C4C30 /* Products */,
			);
			sourceTree = "<group>";
		};
		87D9FF041BBBB174007C4C30 /* Products */ = {
			isa = PBXGroup;
			children = (
				87D9FF031BBBB174007C4C30 /* Ratings.app */,
			);
			name = Products;
			sourceTree = "<group>";
		};
		87D9FF051BBBB174007C4C30 /* Ratings */ = {
			isa = PBXGroup;
			children = (
				87D9FF421BBD0276007C4C30 /* Images */,
				87D9FF061BBBB174007C4C30 /* AppDelegate.swift */,
				87D9FF081BBBB174007C4C30 /* ViewController.swift */,
				87D9FF0A1BBBB174007C4C30 /* Main.storyboard */,
				87D9FF0D1BBBB174007C4C30 /* Assets.xcassets */,
				87D9FF0F1BBBB174007C4C30 /* LaunchScreen.storyboard */,
				87D9FF121BBBB174007C4C30 /* Info.plist */,
			);
			path = Ratings;
			sourceTree = "<group>";
		};
		87D9FF421BBD0276007C4C30 /* Images */ = {
			isa = PBXGroup;
			children = (
				87D9FF181BBD0268007C4C30 /* 1Stars.png */,
				87D9FF191BBD0268007C4C30 /* 1Stars@2x.png */,
				87D9FF1A1BBD0268007C4C30 /* 1Stars@3x.png */,
				87D9FF1B1BBD0268007C4C30 /* 2Stars.png */,
				87D9FF1C1BBD0268007C4C30 /* 2Stars@2x.png */,
				87D9FF1D1BBD0268007C4C30 /* 2Stars@3x.png */,
				87D9FF1E1BBD0268007C4C30 /* 3Stars.png */,
				87D9FF1F1BBD0268007C4C30 /* 3Stars@2x.png */,
				87D9FF201BBD0268007C4C30 /* 3Stars@3x.png */,
				87D9FF211BBD0268007C4C30 /* 4Stars.png */,
				87D9FF221BBD0268007C4C30 /* 4Stars@2x.png */,
				87D9FF231BBD0268007C4C30 /* 4Stars@3x.png */,
				87D9FF241BBD0268007C4C30 /* 5Stars.png */,
				87D9FF251BBD0268007C4C30 /* 5Stars@2x.png */,
				87D9FF261BBD0268007C4C30 /* 5Stars@3x.png */,
				87D9FF271BBD0268007C4C30 /* Gestures.png */,
				87D9FF281BBD0268007C4C30 /* Gestures@2x.png */,
				87D9FF291BBD0268007C4C30 /* Gestures@3x.png */,
				87D9FF2A1BBD0268007C4C30 /* Players.png */,
				87D9FF2B1BBD0268007C4C30 /* Players@2x.png */,
				87D9FF2C1BBD0268007C4C30 /* Players@3x.png */,
			);
			name = Images;
			sourceTree = "<group>";
		};
/* End PBXGroup section */

/* Begin PBXNativeTarget section */
		87D9FF021BBBB174007C4C30 /* Ratings */ = {
			isa = PBXNativeTarget;
			buildConfigurationList = 87D9FF151BBBB174007C4C30 /* Build configuration list for PBXNativeTarget "Ratings" */;
			buildPhases = (
				87D9FEFF1BBBB174007C4C30 /* Sources */,
				87D9FF001BBBB174007C4C30 /* Frameworks */,
				87D9FF011BBBB174007C4C30 /* Resources */,
			);
			buildRules = (
			);
			dependencies = (
			);
			name = Ratings;
			productName = Ratings;
			productReference = 87D9FF031BBBB174007C4C30 /* Ratings.app */;
			productType = "com.apple.product-type.application";
		};
/* End PBXNativeTarget section */

/* Begin PBXProject section */
		87D9FEFB1BBBB174007C4C30 /* Project object */ = {
			isa = PBXProject;
			attributes = {
				LastUpgradeCheck = 0700;
				ORGANIZATIONNAME = "Andreas Talg";
				TargetAttributes = {
					87D9FF021BBBB174007C4C30 = {
						CreatedOnToolsVersion = 7.0;
					};
				};
			};
			buildConfigurationList = 87D9FEFE1BBBB174007C4C30 /* Build configuration list for PBXProject "Ratings" */;
			compatibilityVersion = "Xcode 3.2";
			developmentRegion = English;
			hasScannedForEncodings = 0;
			knownRegions = (
				en,
				Base,
			);
			mainGroup = 87D9FEFA1BBBB174007C4C30;
			productRefGroup = 87D9FF041BBBB174007C4C30 /* Products */;
			projectDirPath = "";
			projectRoot = "";
			targets = (
				87D9FF021BBBB174007C4C30 /* Ratings */,
			);
		};
/* End PBXProject section */

/* Begin PBXResourcesBuildPhase section */
		87D9FF011BBBB174007C4C30 /* Resources */ = {
			isa = PBXResourcesBuildPhase;
			buildActionMask = 2147483647;
			files = (
				87D9FF321BBD0268007C4C30 /* 2Stars@3x.png in Resources */,
				87D9FF3B1BBD0268007C4C30 /* 5Stars@3x.png in Resources */,
				87D9FF3C1BBD0268007C4C30 /* Gestures.png in Resources */,
				87D9FF3A1BBD0268007C4C30 /* 5Stars@2x.png in Resources */,
				87D9FF411BBD0268007C4C30 /* Players@3x.png in Resources */,
				87D9FF2E1BBD0268007C4C30 /* 1Stars@2x.png in Resources */,
				87D9FF311BBD0268007C4C30 /* 2Stars@2x.png in Resources */,
				87D9FF3F1BBD0268007C4C30 /* Players.png in Resources */,
				87D9FF301BBD0268007C4C30 /* 2Stars.png in Resources */,
				87D9FF111BBBB174007C4C30 /* LaunchScreen.storyboard in Resources */,
				87D9FF331BBD0268007C4C30 /* 3Stars.png in Resources */,
				87D9FF401BBD0268007C4C30 /* Players@2x.png in Resources */,
				87D9FF0E1BBBB174007C4C30 /* Assets.xcassets in Resources */,
				87D9FF371BBD0268007C4C30 /* 4Stars@2x.png in Resources */,
				87D9FF351BBD0268007C4C30 /* 3Stars@3x.png in Resources */,
				87D9FF381BBD0268007C4C30 /* 4Stars@3x.png in Resources */,
				87D9FF3E1BBD0268007C4C30 /* Gestures@3x.png in Resources */,
				87D9FF0C1BBBB174007C4C30 /* Main.storyboard in Resources */,
				87D9FF2D1BBD0268007C4C30 /* 1Stars.png in Resources */,
				87D9FF2F1BBD0268007C4C30 /* 1Stars@3x.png in Resources */,
				87D9FF361BBD0268007C4C30 /* 4Stars.png in Resources */,
				87D9FF341BBD0268007C4C30 /* 3Stars@2x.png in Resources */,
				87D9FF3D1BBD0268007C4C30 /* Gestures@2x.png in Resources */,
				87D9FF391BBD0268007C4C30 /* 5Stars.png in Resources */,
			);
			runOnlyForDeploymentPostprocessing = 0;
		};
/* End PBXResourcesBuildPhase section */

/* Begin PBXSourcesBuildPhase section */
		87D9FEFF1BBBB174007C4C30 /* Sources */ = {
			isa = PBXSourcesBuildPhase;
			buildActionMask = 2147483647;
			files = (
				87D9FF091BBBB174007C4C30 /* ViewController.swift in Sources */,
				87D9FF071BBBB174007C4C30 /* AppDelegate.swift in Sources */,
			);
			runOnlyForDeploymentPostprocessing = 0;
		};
/* End PBXSourcesBuildPhase section */

/* Begin PBXVariantGroup section */
		87D9FF0A1BBBB174007C4C30 /* Main.storyboard */ = {
			isa = PBXVariantGroup;
			children = (
				87D9FF0B1BBBB174007C4C30 /* Base */,
			);
			name = Main.storyboard;
			sourceTree = "<group>";
		};
		87D9FF0F1BBBB174007C4C30 /* LaunchScreen.storyboard */ = {
			isa = PBXVariantGroup;
			children = (
				87D9FF101BBBB174007C4C30 /* Base */,
			);
			name = LaunchScreen.storyboard;
			sourceTree = "<group>";
		};
/* End PBXVariantGroup section */

/* Begin XCBuildConfiguration section */
		87D9FF131BBBB174007C4C30 /* Debug */ = {
			isa = XCBuildConfiguration;
			buildSettings = {
				ALWAYS_SEARCH_USER_PATHS = NO;
				CLANG_CXX_LANGUAGE_STANDARD = "gnu++0x";
				CLANG_CXX_LIBRARY = "libc++";
				CLANG_ENABLE_MODULES = YES;
				CLANG_ENABLE_OBJC_ARC = YES;
				CLANG_WARN_BOOL_CONVERSION = YES;
				CLANG_WARN_CONSTANT_CONVERSION = YES;
				CLANG_WARN_DIRECT_OBJC_ISA_USAGE = YES_ERROR;
				CLANG_WARN_EMPTY_BODY = YES;
				CLANG_WARN_ENUM_CONVERSION = YES;
				CLANG_WARN_INT_CONVERSION = YES;
				CLANG_WARN_OBJC_ROOT_CLASS = YES_ERROR;
				CLANG_WARN_UNREACHABLE_CODE = YES;
				CLANG_WARN__DUPLICATE_METHOD_MATCH = YES;
				"CODE_SIGN_IDENTITY[sdk=iphoneos*]" = "iPhone Developer";
				COPY_PHASE_STRIP = NO;
				DEBUG_INFORMATION_FORMAT = dwarf;
				ENABLE_STRICT_OBJC_MSGSEND = YES;
				ENABLE_TESTABILITY = YES;
				GCC_C_LANGUAGE_STANDARD = gnu99;
				GCC_DYNAMIC_NO_PIC = NO;
				GCC_NO_COMMON_BLOCKS = YES;
				GCC_OPTIMIZATION_LEVEL = 0;
				GCC_PREPROCESSOR_DEFINITIONS = (
					"DEBUG=1",
					"$(inherited)",
				);
				GCC_WARN_64_TO_32_BIT_CONVERSION = YES;
				GCC_WARN_ABOUT_RETURN_TYPE = YES_ERROR;
				GCC_WARN_UNDECLARED_SELECTOR = YES;
				GCC_WARN_UNINITIALIZED_AUTOS = YES_AGGRESSIVE;
				GCC_WARN_UNUSED_FUNCTION = YES;
				GCC_WARN_UNUSED_VARIABLE = YES;
				IPHONEOS_DEPLOYMENT_TARGET = 9.0;
				MTL_ENABLE_DEBUG_INFO = YES;
				ONLY_ACTIVE_ARCH = YES;
				SDKROOT = iphoneos;
				SWIFT_OPTIMIZATION_LEVEL = "-Onone";
			};
			name = Debug;
		};
		87D9FF141BBBB174007C4C30 /* Release */ = {
			isa = XCBuildConfiguration;
			buildSettings = {
				ALWAYS_SEARCH_USER_PATHS = NO;
				CLANG_CXX_LANGUAGE_STANDARD = "gnu++0x";
				CLANG_CXX_LIBRARY = "libc++";
				CLANG_ENABLE_MODULES = YES;
				CLANG_ENABLE_OBJC_ARC = YES;
				CLANG_WARN_BOOL_CONVERSION = YES;
				CLANG_WARN_CONSTANT_CONVERSION = YES;
				CLANG_WARN_DIRECT_OBJC_ISA_USAGE = YES_ERROR;
				CLANG_WARN_EMPTY_BODY = YES;
				CLANG_WARN_ENUM_CONVERSION = YES;
				CLANG_WARN_INT_CONVERSION = YES;
				CLANG_WARN_OBJC_ROOT_CLASS = YES_ERROR;
				CLANG_WARN_UNREACHABLE_CODE = YES;
				CLANG_WARN__DUPLICATE_METHOD_MATCH = YES;
				"CODE_SIGN_IDENTITY[sdk=iphoneos*]" = "iPhone Developer";
				COPY_PHASE_STRIP = NO;
				DEBUG_INFORMATION_FORMAT = "dwarf-with-dsym";
				ENABLE_NS_ASSERTIONS = NO;
				ENABLE_STRICT_OBJC_MSGSEND = YES;
				GCC_C_LANGUAGE_STANDARD = gnu99;
				GCC_NO_COMMON_BLOCKS = YES;
				GCC_WARN_64_TO_32_BIT_CONVERSION = YES;
				GCC_WARN_ABOUT_RETURN_TYPE = YES_ERROR;
				GCC_WARN_UNDECLARED_SELECTOR = YES;
				GCC_WARN_UNINITIALIZED_AUTOS = YES_AGGRESSIVE;
				GCC_WARN_UNUSED_FUNCTION = YES;
				GCC_WARN_UNUSED_VARIABLE = YES;
				IPHONEOS_DEPLOYMENT_TARGET = 9.0;
				MTL_ENABLE_DEBUG_INFO = NO;
				SDKROOT = iphoneos;
				VALIDATE_PRODUCT = YES;
			};
			name = Release;
		};
		87D9FF161BBBB174007C4C30 /* Debug */ = {
			isa = XCBuildConfiguration;
			buildSettings = {
				ASSETCATALOG_COMPILER_APPICON_NAME = AppIcon;
				INFOPLIST_FILE = Ratings/Info.plist;
				LD_RUNPATH_SEARCH_PATHS = "$(inherited) @executable_path/Frameworks";
				PRODUCT_BUNDLE_IDENTIFIER = ATSW.Ratings;
				PRODUCT_NAME = "$(TARGET_NAME)";
			};
			name = Debug;
		};
		87D9FF171BBBB174007C4C30 /* Release */ = {
			isa = XCBuildConfiguration;
			buildSettings = {
				ASSETCATALOG_COMPILER_APPICON_NAME = AppIcon;
				INFOPLIST_FILE = Ratings/Info.plist;
				LD_RUNPATH_SEARCH_PATHS = "$(inherited) @executable_path/Frameworks";
				PRODUCT_BUNDLE_IDENTIFIER = ATSW.Ratings;
				PRODUCT_NAME = "$(TARGET_NAME)";
			};
			name = Release;
		};
/* End XCBuildConfiguration section */

/* Begin XCConfigurationList section */
		87D9FEFE1BBBB174007C4C30 /* Build configuration list for PBXProject "Ratings" */ = {
			isa = XCConfigurationList;
			buildConfigurations = (
				87D9FF131BBBB174007C4C30 /* Debug */,
				87D9FF141BBBB174007C4C30 /* Release */,
			);
			defaultConfigurationIsVisible = 0;
			defaultConfigurationName = Release;
		};
		87D9FF151BBBB174007C4C30 /* Build configuration list for PBXNativeTarget "Ratings" */ = {
			isa = XCConfigurationList;
			buildConfigurations = (
				87D9FF161BBBB174007C4C30 /* Debug */,
				87D9FF171BBBB174007C4C30 /* Release */,
			);
			defaultConfigurationIsVisible = 0;
		};
/* End XCConfigurationList section */
	};
	rootObject = 87D9FEFB1BBBB174007C4C30 /* Project object */;
}
